{
  "lockfileVersion": 1,
  "dependencies": {
    "core-js": {
      "version": "3.3.1",
      "resolved": "https://registry.npmjs.org/core-js/-/core-js-3.3.1.tgz",
      "integrity": "sha512-1PGI49Lz5qYo3EBz0kymSfJgTvn2G/c03lBTJ7PO0R1liQ7Yd6E570odu5p4CxG/WB0yUwCmAWummo79yOQUcQ=="
    },
    "hashids": {
      "version": "2.0.1",
      "resolved": "https://registry.npmjs.org/hashids/-/hashids-2.0.1.tgz",
      "integrity": "sha512-Hr1lPEGhCkZSniYj9jAj8gQtcTBKNhf/tF14R1tu3zvIcwCT89/ucHEyObSIUZ42Y30SlIfOt7Sq0Uw+rhs6iQ=="
    }
  }
}
