{
  "name": "unchained-core-bookmarks",
  "version": "1.1.0",
  "lockfileVersion": 1,
  "requires": true,
  "dependencies": {
    "@types/bson": {
      "version": "4.2.0",
      "resolved": "https://registry.npmjs.org/@types/bson/-/bson-4.2.0.tgz",
      "integrity": "sha512-ELCPqAdroMdcuxqwMgUpifQyRoTpyYCNr1V9xKyF40VsBobsj+BbWNRvwGchMgBPGqkw655ypkjj2MEF5ywVwg==",
      "dev": true,
      "requires": {
        "bson": "*"
      }
    },
    "@types/chai": {
      "version": "4.2.22",
      "resolved": "https://registry.npmjs.org/@types/chai/-/chai-4.2.22.tgz",
      "integrity": "sha512-tFfcE+DSTzWAgifkjik9AySNqIyNoYwmR+uecPwwD/XRNfvOjmC/FjCxpiUGDkDVDphPfCUecSQVFw+lN3M3kQ==",
      "dev": true
    },
    "@types/connect": {
      "version": "3.4.35",
      "resolved": "https://registry.npmjs.org/@types/connect/-/connect-3.4.35.tgz",
      "integrity": "sha512-cdeYyv4KWoEgpBISTxWvqYsVy444DOqehiF3fM3ne10AmJ62RSyNkUnxMJXHQWRQQX2eR94m5y1IZyDwBjV9FQ==",
      "dev": true,
      "requires": {
        "@types/node": "*"
      }
    },
    "@types/jquery": {
      "version": "3.5.13",
      "resolved": "https://registry.npmjs.org/@types/jquery/-/jquery-3.5.13.tgz",
      "integrity": "sha512-ZxJrup8nz/ZxcU0vantG+TPdboMhB24jad2uSap50zE7Q9rUeYlCF25kFMSmHR33qoeOgqcdHEp3roaookC0Sg==",
      "dev": true,
      "requires": {
        "@types/sizzle": "*"
      }
    },
    "@types/meteor": {
      "version": "2.0.1",
      "resolved": "https://registry.npmjs.org/@types/meteor/-/meteor-2.0.1.tgz",
      "integrity": "sha512-7eXwJH2R0s+dpGT9gj/PBeKwZzxvFA7v0BNCKOOX/nUKCei80eJ2Ch299dO64EJq++d8A7SYHPGH20s8QrwKuw==",
      "dev": true,
      "requires": {
        "@types/connect": "*",
        "@types/jquery": "*",
        "@types/mongodb": "^3.6.20",
        "@types/react": "*",
        "@types/underscore": "*"
      }
    },
    "@types/mocha": {
      "version": "9.0.0",
      "resolved": "https://registry.npmjs.org/@types/mocha/-/mocha-9.0.0.tgz",
      "integrity": "sha512-scN0hAWyLVAvLR9AyW7HoFF5sJZglyBsbPuHO4fv7JRvfmPBMfp1ozWqOf/e4wwPNxezBZXRfWzMb6iFLgEVRA==",
      "dev": true
    },
    "@types/mongodb": {
      "version": "3.6.20",
      "resolved": "https://registry.npmjs.org/@types/mongodb/-/mongodb-3.6.20.tgz",
      "integrity": "sha512-WcdpPJCakFzcWWD9juKoZbRtQxKIMYF/JIAM4JrNHrMcnJL6/a2NWjXxW7fo9hxboxxkg+icff8d7+WIEvKgYQ==",
      "dev": true,
      "requires": {
        "@types/bson": "*",
        "@types/node": "*"
      }
    },
    "@types/node": {
      "version": "17.0.8",
      "resolved": "https://registry.npmjs.org/@types/node/-/node-17.0.8.tgz",
      "integrity": "sha512-YofkM6fGv4gDJq78g4j0mMuGMkZVxZDgtU0JRdx6FgiJDG+0fY0GKVolOV8WqVmEhLCXkQRjwDdKyPxJp/uucg==",
      "dev": true
    },
    "@types/prop-types": {
      "version": "15.7.4",
      "resolved": "https://registry.npmjs.org/@types/prop-types/-/prop-types-15.7.4.tgz",
      "integrity": "sha512-rZ5drC/jWjrArrS8BR6SIr4cWpW09RNTYt9AMZo3Jwwif+iacXAqgVjm0B0Bv/S1jhDXKHqRVNCbACkJ89RAnQ==",
      "dev": true
    },
    "@types/react": {
      "version": "17.0.38",
      "resolved": "https://registry.npmjs.org/@types/react/-/react-17.0.38.tgz",
      "integrity": "sha512-SI92X1IA+FMnP3qM5m4QReluXzhcmovhZnLNm3pyeQlooi02qI7sLiepEYqT678uNiyc25XfCqxREFpy3W7YhQ==",
      "dev": true,
      "requires": {
        "@types/prop-types": "*",
        "@types/scheduler": "*",
        "csstype": "^3.0.2"
      }
    },
    "@types/scheduler": {
      "version": "0.16.2",
      "resolved": "https://registry.npmjs.org/@types/scheduler/-/scheduler-0.16.2.tgz",
      "integrity": "sha512-hppQEBDmlwhFAXKJX2KnWLYu5yMfi91yazPb2l+lbJiwW+wdo1gNeRA+3RgNSO39WYX2euey41KEwnqesU2Jew==",
      "dev": true
    },
    "@types/simpl-schema": {
      "version": "1.12.0",
      "resolved": "https://registry.npmjs.org/@types/simpl-schema/-/simpl-schema-1.12.0.tgz",
      "integrity": "sha512-Zd5Wi3COY6mYHzZcqYYsBkQsC2jL4j/y1OgsxXKk97YsDdmeDwNkHUdZ9C0XcDF1HSg2Xwgtke34PXJERxfBJQ==",
      "dev": true,
      "requires": {
        "@types/meteor": "*"
      }
    },
    "@types/sizzle": {
      "version": "2.3.3",
      "resolved": "https://registry.npmjs.org/@types/sizzle/-/sizzle-2.3.3.tgz",
      "integrity": "sha512-JYM8x9EGF163bEyhdJBpR2QX1R5naCJHC8ucJylJ3w9/CVBaskdQ8WqBf8MmQrd1kRvp/a4TS8HJ+bxzR7ZJYQ==",
      "dev": true
    },
    "@types/underscore": {
      "version": "1.11.4",
      "resolved": "https://registry.npmjs.org/@types/underscore/-/underscore-1.11.4.tgz",
      "integrity": "sha512-uO4CD2ELOjw8tasUrAhvnn2W4A0ZECOvMjCivJr4gA9pGgjv+qxKWY9GLTMVEK8ej85BxQOocUyE7hImmSQYcg==",
      "dev": true
    },
    "@unchainedshop/types": {
      "version": "1.0.0",
      "resolved": "https://registry.npmjs.org/@unchainedshop/types/-/types-1.0.0.tgz",
      "integrity": "sha512-h1hWU8MkiJS7eI53Zkcvey0QmYUA/lnxVj0J0bGUH6jXM2rL42pq0tjokRz/pbuGLUcwmoejlE4V+yg3lGekKw==",
      "dev": true,
      "requires": {
        "bjson": "^1.0.1"
      }
    },
    "assertion-error": {
      "version": "1.1.0",
      "resolved": "https://registry.npmjs.org/assertion-error/-/assertion-error-1.1.0.tgz",
      "integrity": "sha512-jgsaNduz+ndvGyFt3uSuWqvy4lCnIJiovtouQN5JZHOKCS2QuhEdbcQHFhVksz2N2U9hXJo8odG7ETyWlEeuDw==",
      "dev": true
    },
    "base64-js": {
      "version": "1.5.1",
      "resolved": "https://registry.npmjs.org/base64-js/-/base64-js-1.5.1.tgz",
      "integrity": "sha512-AKpaYlHn8t4SVbOHCy+b5+KKgvR4vrsD8vbvrbiQJps7fKDTkjkDry6ji0rUJjC0kzbNePLwzxq8iypo41qeWA==",
      "dev": true
    },
    "bjson": {
      "version": "1.0.1",
      "resolved": "https://registry.npmjs.org/bjson/-/bjson-1.0.1.tgz",
      "integrity": "sha1-/fNlV7W4H9sTZob6AQwb99i5EGc=",
      "dev": true,
      "requires": {
        "graceful-fs": "^4.1.2",
        "mkdirp": "^0.5.1",
        "observed": "^1.1.1",
        "steno": "^0.4.2"
      }
    },
    "bson": {
      "version": "4.6.1",
      "resolved": "https://registry.npmjs.org/bson/-/bson-4.6.1.tgz",
      "integrity": "sha512-I1LQ7Hz5zgwR4QquilLNZwbhPw0Apx7i7X9kGMBTsqPdml/03Q9NBtD9nt/19ahjlphktQImrnderxqpzeVDjw==",
      "dev": true,
      "requires": {
        "buffer": "^5.6.0"
      }
    },
    "buffer": {
      "version": "5.7.1",
      "resolved": "https://registry.npmjs.org/buffer/-/buffer-5.7.1.tgz",
      "integrity": "sha512-EHcyIPBQ4BSGlvjB16k5KgAJ27CIsHY/2JBmCRReo48y9rQ3MaUzWX3KVlBa4U7MyX02HdVj0K7C3WaB3ju7FQ==",
      "dev": true,
      "requires": {
        "base64-js": "^1.3.1",
        "ieee754": "^1.1.13"
      }
    },
    "chai": {
      "version": "4.3.4",
      "resolved": "https://registry.npmjs.org/chai/-/chai-4.3.4.tgz",
      "integrity": "sha512-yS5H68VYOCtN1cjfwumDSuzn/9c+yza4f3reKXlE5rUg7SFcCEy90gJvydNgOYtblyf4Zi6jIWRnXOgErta0KA==",
      "dev": true,
      "requires": {
        "assertion-error": "^1.1.0",
        "check-error": "^1.0.2",
        "deep-eql": "^3.0.1",
        "get-func-name": "^2.0.0",
        "pathval": "^1.1.1",
        "type-detect": "^4.0.5"
      }
    },
    "check-error": {
      "version": "1.0.2",
      "resolved": "https://registry.npmjs.org/check-error/-/check-error-1.0.2.tgz",
      "integrity": "sha1-V00xLt2Iu13YkS6Sht1sCu1KrII=",
      "dev": true
    },
    "clone": {
      "version": "2.1.2",
      "resolved": "https://registry.npmjs.org/clone/-/clone-2.1.2.tgz",
      "integrity": "sha1-G39Ln1kfHo+DZwQBYANFoCiHQ18="
    },
    "cross-env": {
      "version": "7.0.3",
      "resolved": "https://registry.npmjs.org/cross-env/-/cross-env-7.0.3.tgz",
      "integrity": "sha512-+/HKd6EgcQCJGh2PSjZuUitQBQynKor4wrFbRg4DtAgS1aWO+gU52xpH7M9ScGgXSYmAVS9bIJ8EzuaGw0oNAw==",
      "dev": true,
      "requires": {
        "cross-spawn": "^7.0.1"
      }
    },
    "cross-spawn": {
      "version": "7.0.3",
      "resolved": "https://registry.npmjs.org/cross-spawn/-/cross-spawn-7.0.3.tgz",
      "integrity": "sha512-iRDPJKUPVEND7dHPO8rkbOnPpyDygcDFtWjpeWNCgy8WP2rXcxXL8TskReQl6OrB2G7+UJrags1q15Fudc7G6w==",
      "dev": true,
      "requires": {
        "path-key": "^3.1.0",
        "shebang-command": "^2.0.0",
        "which": "^2.0.1"
      }
    },
    "csstype": {
      "version": "3.0.10",
      "resolved": "https://registry.npmjs.org/csstype/-/csstype-3.0.10.tgz",
      "integrity": "sha512-2u44ZG2OcNUO9HDp/Jl8C07x6pU/eTR3ncV91SiK3dhG9TWvRVsCoJw14Ckx5DgWkzGA3waZWO3d7pgqpUI/XA==",
      "dev": true
    },
    "debug": {
      "version": "2.1.1",
      "resolved": "https://registry.npmjs.org/debug/-/debug-2.1.1.tgz",
      "integrity": "sha1-4MVIzGB63CK1N1QNw2OcQjb9+Qw=",
      "dev": true,
      "requires": {
        "ms": "0.6.2"
      }
    },
    "deep-eql": {
      "version": "3.0.1",
      "resolved": "https://registry.npmjs.org/deep-eql/-/deep-eql-3.0.1.tgz",
      "integrity": "sha512-+QeIQyN5ZuO+3Uk5DYh6/1eKO0m0YmJFGNmFHGACpf1ClL1nmlV/p4gNgbl2pJGxgXb4faqo6UE+M5ACEMyVcw==",
      "dev": true,
      "requires": {
        "type-detect": "^4.0.0"
      }
    },
    "get-func-name": {
      "version": "2.0.0",
      "resolved": "https://registry.npmjs.org/get-func-name/-/get-func-name-2.0.0.tgz",
      "integrity": "sha1-6td0q+5y4gQJQzoGY2YCPdaIekE=",
      "dev": true
    },
    "graceful-fs": {
      "version": "4.2.9",
      "resolved": "https://registry.npmjs.org/graceful-fs/-/graceful-fs-4.2.9.tgz",
      "integrity": "sha512-NtNxqUcXgpW2iMrfqSfR73Glt39K+BLwWsPs94yR63v45T0Wbej7eRmL5cWfwEgqXnmjQp3zaJTshdRW/qC2ZQ==",
      "dev": true
    },
    "ieee754": {
      "version": "1.2.1",
      "resolved": "https://registry.npmjs.org/ieee754/-/ieee754-1.2.1.tgz",
      "integrity": "sha512-dcyqhDvX1C46lXZcVqCpK+FtMRQVdIMN6/Df5js2zouUsqG7I6sFxitIC+7KYK29KdXOLHdu9zL4sFnoVQnqaA==",
      "dev": true
    },
    "isexe": {
      "version": "2.0.0",
      "resolved": "https://registry.npmjs.org/isexe/-/isexe-2.0.0.tgz",
      "integrity": "sha1-6PvzdNxVb/iUehDcsFctYz8s+hA=",
      "dev": true
    },
    "lodash._reinterpolate": {
      "version": "3.0.0",
      "resolved": "https://registry.npmjs.org/lodash._reinterpolate/-/lodash._reinterpolate-3.0.0.tgz",
      "integrity": "sha1-DM8tiRZq8Ds2Y8eWU4t1rG4RTZ0="
    },
    "lodash.template": {
      "version": "4.5.0",
      "resolved": "https://registry.npmjs.org/lodash.template/-/lodash.template-4.5.0.tgz",
      "integrity": "sha512-84vYFxIkmidUiFxidA/KjjH9pAycqW+h980j7Fuz5qxRtO9pgB7MDFTdys1N7A5mcucRiDyEq4fusljItR1T/A==",
      "requires": {
        "lodash._reinterpolate": "^3.0.0",
        "lodash.templatesettings": "^4.0.0"
      }
    },
    "lodash.templatesettings": {
      "version": "4.2.0",
      "resolved": "https://registry.npmjs.org/lodash.templatesettings/-/lodash.templatesettings-4.2.0.tgz",
      "integrity": "sha512-stgLz+i3Aa9mZgnjr/O+v9ruKZsPsndy7qPZOchbqk2cnTU1ZaldKK+v7m54WoKIyxiuMZTKT2H81F8BeAc3ZQ==",
      "requires": {
        "lodash._reinterpolate": "^3.0.0"
      }
    },
    "message-box": {
      "version": "0.2.7",
      "resolved": "https://registry.npmjs.org/message-box/-/message-box-0.2.7.tgz",
      "integrity": "sha512-C4ccA5nHb58kTS+pLrgF/JWtr7fAIkHxRDceH7tdy5fMA783nUfbYwZ7H2XLvSeYfcnWIYCig5dWW+icK9X/Ag==",
      "requires": {
        "lodash.template": "^4.5.0"
      }
    },
    "minimist": {
      "version": "1.2.5",
      "resolved": "https://registry.npmjs.org/minimist/-/minimist-1.2.5.tgz",
      "integrity": "sha512-FM9nNUYrRBAELZQT3xeZQ7fmMOBg6nWNmJKTcgsJeaLstP/UODVpGsr5OhXhhXg6f+qtJ8uiZ+PUxkDWcgIXLw==",
      "dev": true
    },
    "mkdirp": {
      "version": "0.5.5",
      "resolved": "https://registry.npmjs.org/mkdirp/-/mkdirp-0.5.5.tgz",
      "integrity": "sha512-NKmAlESf6jMGym1++R0Ra7wvhV+wFW63FaSOFPwRahvea0gMUcGUhVeAg/0BC0wiv9ih5NYPB1Wn1UEI1/L+xQ==",
      "dev": true,
      "requires": {
        "minimist": "^1.2.5"
      }
    },
    "mongo-object": {
      "version": "0.1.4",
      "resolved": "https://registry.npmjs.org/mongo-object/-/mongo-object-0.1.4.tgz",
      "integrity": "sha512-QtYk0gupWEn2+iB+DDRt1L+WbcNYvJRaHdih/dcqthOa1DbnREUGSs2WGcW478GNYpElflo/yybZXu0sTiRXHg=="
    },
    "ms": {
      "version": "0.6.2",
      "resolved": "https://registry.npmjs.org/ms/-/ms-0.6.2.tgz",
      "integrity": "sha1-2JwhJMb9wTU9Zai3e/GqxLGTcIw=",
      "dev": true
    },
    "observed": {
      "version": "1.1.2",
      "resolved": "https://registry.npmjs.org/observed/-/observed-1.1.2.tgz",
      "integrity": "sha1-F6ePxW1WrZQTFeldVAQeLCreL28=",
      "dev": true,
      "requires": {
        "debug": "2.1.1"
      }
    },
    "path-key": {
      "version": "3.1.1",
      "resolved": "https://registry.npmjs.org/path-key/-/path-key-3.1.1.tgz",
      "integrity": "sha512-ojmeN0qd+y0jszEtoY48r0Peq5dwMEkIlCOu6Q5f41lfkswXuKtYrhgoTpLnyIcHm24Uhqx+5Tqm2InSwLhE6Q==",
      "dev": true
    },
    "pathval": {
      "version": "1.1.1",
      "resolved": "https://registry.npmjs.org/pathval/-/pathval-1.1.1.tgz",
      "integrity": "sha512-Dp6zGqpTdETdR63lehJYPeIOqpiNBNtc7BpWSLrOje7UaIsE5aY92r/AunQA7rsXvet3lrJ3JnZX29UPTKXyKQ==",
      "dev": true
    },
    "shebang-command": {
      "version": "2.0.0",
      "resolved": "https://registry.npmjs.org/shebang-command/-/shebang-command-2.0.0.tgz",
      "integrity": "sha512-kHxr2zZpYtdmrN1qDjrrX/Z1rR1kG8Dx+gkpK1G4eXmvXswmcE1hTWBWYUzlraYw1/yZp6YuDY77YtvbN0dmDA==",
      "dev": true,
      "requires": {
        "shebang-regex": "^3.0.0"
      }
    },
    "shebang-regex": {
      "version": "3.0.0",
      "resolved": "https://registry.npmjs.org/shebang-regex/-/shebang-regex-3.0.0.tgz",
      "integrity": "sha512-7++dFhtcx3353uBaq8DDR4NuxBetBzC7ZQOhmTQInHEd6bSrXdiEyzCvG07Z44UYdLShWUyXt5M/yhz8ekcb1A==",
      "dev": true
    },
    "simpl-schema": {
      "version": "1.12.0",
      "resolved": "https://registry.npmjs.org/simpl-schema/-/simpl-schema-1.12.0.tgz",
      "integrity": "sha512-lzXC3L8jJbPhNXGR3cjlyIauqqrC5WUJS4O34Ym/wLIvb8K3ZieK+1OfTzs4mBpDc3Y8u53gQFAr1X37DmTcEg==",
      "requires": {
        "clone": "^2.1.2",
        "message-box": "^0.2.7",
        "mongo-object": "^0.1.4"
      }
    },
    "steno": {
      "version": "0.4.4",
      "resolved": "https://registry.npmjs.org/steno/-/steno-0.4.4.tgz",
      "integrity": "sha1-BxEFvfwobmYVwEA8J+nXtdy4Vcs=",
      "dev": true,
      "requires": {
        "graceful-fs": "^4.1.3"
      }
    },
    "type-detect": {
      "version": "4.0.8",
      "resolved": "https://registry.npmjs.org/type-detect/-/type-detect-4.0.8.tgz",
      "integrity": "sha512-0fr/mIH1dlO+x7TlcMy+bIDqKPsw/70tVyeHW787goQjhmqaZe10uwLujubK9q9Lg6Fiho1KUKDYz0Z7k7g5/g==",
      "dev": true
    },
    "typescript": {
      "version": "4.4.3",
      "resolved": "https://registry.npmjs.org/typescript/-/typescript-4.4.3.tgz",
      "integrity": "sha512-4xfscpisVgqqDfPaJo5vkd+Qd/ItkoagnHpufr+i2QCHBsNYp+G7UAoyFl8aPtx879u38wPV65rZ8qbGZijalA==",
      "dev": true
    },
    "which": {
      "version": "2.0.2",
      "resolved": "https://registry.npmjs.org/which/-/which-2.0.2.tgz",
      "integrity": "sha512-BLI3Tl1TW3Pvl70l3yq3Y64i+awpwXqsGBYWkkqMtnbXgrMD+yj7rhW0kuEDxzJaYXGjEW5ogapKNMEKNMjibA==",
      "dev": true,
      "requires": {
        "isexe": "^2.0.0"
      }
    }
  }
}
