{
  "name": "@unchainedshop/currencies",
  "version": "1.0.3",
  "lockfileVersion": 2,
  "requires": true,
  "packages": {
    "": {
      "name": "@unchainedshop/currencies",
      "version": "1.0.3",
      "license": "MIT",
      "dependencies": {
        "simpl-schema": "1.12.0"
      },
      "devDependencies": {
        "@types/chai": "^4.2.22",
        "@types/mocha": "^9.0.0",
        "@unchainedshop/types": "^0.9.0",
        "chai": "^4.3.4",
        "cross-env": "^7.0.3",
        "typescript": "^4.4.3"
      }
    },
    "node_modules/@types/chai": {
      "version": "4.2.22",
      "resolved": "https://registry.npmjs.org/@types/chai/-/chai-4.2.22.tgz",
      "integrity": "sha512-tFfcE+DSTzWAgifkjik9AySNqIyNoYwmR+uecPwwD/XRNfvOjmC/FjCxpiUGDkDVDphPfCUecSQVFw+lN3M3kQ==",
      "dev": true
    },
    "node_modules/@types/mocha": {
      "version": "9.0.0",
      "resolved": "https://registry.npmjs.org/@types/mocha/-/mocha-9.0.0.tgz",
      "integrity": "sha512-scN0hAWyLVAvLR9AyW7HoFF5sJZglyBsbPuHO4fv7JRvfmPBMfp1ozWqOf/e4wwPNxezBZXRfWzMb6iFLgEVRA==",
      "dev": true
    },
    "node_modules/@unchainedshop/types": {
      "version": "0.9.0",
      "resolved": "https://registry.npmjs.org/@unchainedshop/types/-/types-0.9.0.tgz",
      "integrity": "sha512-dZJJqL0IPIZyUEYJHEGrIElGbhEJgvq0KzdjRETxcfsvbkqVaTqfSW70qs1aybnz2l4wGM6m9b7+huUm/ry5BA==",
      "dev": true
    },
    "node_modules/assertion-error": {
      "version": "1.1.0",
      "dev": true,
      "license": "MIT",
      "engines": {
        "node": "*"
      }
    },
    "node_modules/chai": {
      "version": "4.3.4",
      "dev": true,
      "license": "MIT",
      "dependencies": {
        "assertion-error": "^1.1.0",
        "check-error": "^1.0.2",
        "deep-eql": "^3.0.1",
        "get-func-name": "^2.0.0",
        "pathval": "^1.1.1",
        "type-detect": "^4.0.5"
      },
      "engines": {
        "node": ">=4"
      }
    },
    "node_modules/check-error": {
      "version": "1.0.2",
      "dev": true,
      "license": "MIT",
      "engines": {
        "node": "*"
      }
    },
    "node_modules/clone": {
      "version": "2.1.2",
      "license": "MIT",
      "engines": {
        "node": ">=0.8"
      }
    },
    "node_modules/cross-env": {
      "version": "7.0.3",
      "dev": true,
      "license": "MIT",
      "dependencies": {
        "cross-spawn": "^7.0.1"
      },
      "bin": {
        "cross-env": "src/bin/cross-env.js",
        "cross-env-shell": "src/bin/cross-env-shell.js"
      },
      "engines": {
        "node": ">=10.14",
        "npm": ">=6",
        "yarn": ">=1"
      }
    },
    "node_modules/cross-spawn": {
      "version": "7.0.3",
      "dev": true,
      "license": "MIT",
      "dependencies": {
        "path-key": "^3.1.0",
        "shebang-command": "^2.0.0",
        "which": "^2.0.1"
      },
      "engines": {
        "node": ">= 8"
      }
    },
    "node_modules/deep-eql": {
      "version": "3.0.1",
      "dev": true,
      "license": "MIT",
      "dependencies": {
        "type-detect": "^4.0.0"
      },
      "engines": {
        "node": ">=0.12"
      }
    },
    "node_modules/get-func-name": {
      "version": "2.0.0",
      "dev": true,
      "license": "MIT",
      "engines": {
        "node": "*"
      }
    },
    "node_modules/isexe": {
      "version": "2.0.0",
      "dev": true,
      "license": "ISC"
    },
    "node_modules/lodash._reinterpolate": {
      "version": "3.0.0",
      "license": "MIT"
    },
    "node_modules/lodash.template": {
      "version": "4.5.0",
      "license": "MIT",
      "dependencies": {
        "lodash._reinterpolate": "^3.0.0",
        "lodash.templatesettings": "^4.0.0"
      }
    },
    "node_modules/lodash.templatesettings": {
      "version": "4.2.0",
      "license": "MIT",
      "dependencies": {
        "lodash._reinterpolate": "^3.0.0"
      }
    },
    "node_modules/message-box": {
      "version": "0.2.7",
      "license": "MIT",
      "dependencies": {
        "lodash.template": "^4.5.0"
      }
    },
    "node_modules/mongo-object": {
      "version": "0.1.4",
      "license": "MIT"
    },
    "node_modules/path-key": {
      "version": "3.1.1",
      "dev": true,
      "license": "MIT",
      "engines": {
        "node": ">=8"
      }
    },
    "node_modules/pathval": {
      "version": "1.1.1",
      "dev": true,
      "license": "MIT",
      "engines": {
        "node": "*"
      }
    },
    "node_modules/shebang-command": {
      "version": "2.0.0",
      "dev": true,
      "license": "MIT",
      "dependencies": {
        "shebang-regex": "^3.0.0"
      },
      "engines": {
        "node": ">=8"
      }
    },
    "node_modules/shebang-regex": {
      "version": "3.0.0",
      "dev": true,
      "license": "MIT",
      "engines": {
        "node": ">=8"
      }
    },
    "node_modules/simpl-schema": {
      "version": "1.12.0",
      "license": "MIT",
      "dependencies": {
        "clone": "^2.1.2",
        "message-box": "^0.2.7",
        "mongo-object": "^0.1.4"
      }
    },
    "node_modules/type-detect": {
      "version": "4.0.8",
      "dev": true,
      "license": "MIT",
      "engines": {
        "node": ">=4"
      }
    },
    "node_modules/typescript": {
      "version": "4.4.4",
      "dev": true,
      "license": "Apache-2.0",
      "bin": {
        "tsc": "bin/tsc",
        "tsserver": "bin/tsserver"
      },
      "engines": {
        "node": ">=4.2.0"
      }
    },
    "node_modules/which": {
      "version": "2.0.2",
      "dev": true,
      "license": "ISC",
      "dependencies": {
        "isexe": "^2.0.0"
      },
      "bin": {
        "node-which": "bin/node-which"
      },
      "engines": {
        "node": ">= 8"
      }
    }
  },
  "dependencies": {
    "@types/chai": {
      "version": "4.2.22",
      "resolved": "https://registry.npmjs.org/@types/chai/-/chai-4.2.22.tgz",
      "integrity": "sha512-tFfcE+DSTzWAgifkjik9AySNqIyNoYwmR+uecPwwD/XRNfvOjmC/FjCxpiUGDkDVDphPfCUecSQVFw+lN3M3kQ==",
      "dev": true
    },
    "@types/mocha": {
      "version": "9.0.0",
      "resolved": "https://registry.npmjs.org/@types/mocha/-/mocha-9.0.0.tgz",
      "integrity": "sha512-scN0hAWyLVAvLR9AyW7HoFF5sJZglyBsbPuHO4fv7JRvfmPBMfp1ozWqOf/e4wwPNxezBZXRfWzMb6iFLgEVRA==",
      "dev": true
    },
    "@unchainedshop/types": {
      "version": "0.9.0",
      "resolved": "https://registry.npmjs.org/@unchainedshop/types/-/types-0.9.0.tgz",
      "integrity": "sha512-dZJJqL0IPIZyUEYJHEGrIElGbhEJgvq0KzdjRETxcfsvbkqVaTqfSW70qs1aybnz2l4wGM6m9b7+huUm/ry5BA==",
      "dev": true
    },
    "assertion-error": {
      "version": "1.1.0",
      "dev": true
    },
    "chai": {
      "version": "4.3.4",
      "dev": true,
      "requires": {
        "assertion-error": "^1.1.0",
        "check-error": "^1.0.2",
        "deep-eql": "^3.0.1",
        "get-func-name": "^2.0.0",
        "pathval": "^1.1.1",
        "type-detect": "^4.0.5"
      }
    },
    "check-error": {
      "version": "1.0.2",
      "dev": true
    },
    "clone": {
      "version": "2.1.2"
    },
    "cross-env": {
      "version": "7.0.3",
      "dev": true,
      "requires": {
        "cross-spawn": "^7.0.1"
      }
    },
    "cross-spawn": {
      "version": "7.0.3",
      "dev": true,
      "requires": {
        "path-key": "^3.1.0",
        "shebang-command": "^2.0.0",
        "which": "^2.0.1"
      }
    },
    "deep-eql": {
      "version": "3.0.1",
      "dev": true,
      "requires": {
        "type-detect": "^4.0.0"
      }
    },
    "get-func-name": {
      "version": "2.0.0",
      "dev": true
    },
    "isexe": {
      "version": "2.0.0",
      "dev": true
    },
    "lodash._reinterpolate": {
      "version": "3.0.0"
    },
    "lodash.template": {
      "version": "4.5.0",
      "requires": {
        "lodash._reinterpolate": "^3.0.0",
        "lodash.templatesettings": "^4.0.0"
      }
    },
    "lodash.templatesettings": {
      "version": "4.2.0",
      "requires": {
        "lodash._reinterpolate": "^3.0.0"
      }
    },
    "message-box": {
      "version": "0.2.7",
      "requires": {
        "lodash.template": "^4.5.0"
      }
    },
    "mongo-object": {
      "version": "0.1.4"
    },
    "path-key": {
      "version": "3.1.1",
      "dev": true
    },
    "pathval": {
      "version": "1.1.1",
      "dev": true
    },
    "shebang-command": {
      "version": "2.0.0",
      "dev": true,
      "requires": {
        "shebang-regex": "^3.0.0"
      }
    },
    "shebang-regex": {
      "version": "3.0.0",
      "dev": true
    },
    "simpl-schema": {
      "version": "1.12.0",
      "requires": {
        "clone": "^2.1.2",
        "message-box": "^0.2.7",
        "mongo-object": "^0.1.4"
      }
    },
    "type-detect": {
      "version": "4.0.8",
      "dev": true
    },
    "typescript": {
      "version": "4.4.4",
      "dev": true
    },
    "which": {
      "version": "2.0.2",
      "dev": true,
      "requires": {
        "isexe": "^2.0.0"
      }
    }
  }
}
